
Microsoft Visual Studio Solution File, Format Version 12.00
# Visual Studio 15
VisualStudioVersion = 15.0.28307.329
MinimumVisualStudioVersion = 10.0.40219.1
Project("{FAE04EC0-301F-11D3-BF4B-00C04F79EFBC}") = "PlexRenamer_DotNet", "PlexRenamer_DotNet\PlexRenamer_DotNet.csproj", "{B7E785FB-536E-45B9-A79B-3711207CB0BD}"
EndProject
Global
	GlobalSection(SolutionConfigurationPlatforms) = preSolution
		Debug|Any CPU = Debug|Any CPU
		Release|Any CPU = Release|Any CPU
	EndGlobalSection
	GlobalSection(ProjectConfigurationPlatforms) = postSolution
		{B7E785FB-536E-45B9-A79B-3711207CB0BD}.Debug|Any CPU.ActiveCfg = Debug|Any CPU
		{B7E785FB-536E-45B9-A79B-3711207CB0BD}.Debug|Any CPU.Build.0 = Debug|Any CPU
		{B7E785FB-536E-45B9-A79B-3711207CB0BD}.Release|Any CPU.ActiveCfg = Release|Any CPU
		{B7E785FB-536E-45B9-A79B-3711207CB0BD}.Release|Any CPU.Build.0 = Release|Any CPU
	EndGlobalSection
	GlobalSection(SolutionProperties) = preSolution
		HideSolutionNode = FALSE
	EndGlobalSection
	GlobalSection(ExtensibilityGlobals) = postSolution
		SolutionGuid = {4E63CAB8-B3FA-4FAB-AB32-45D7B3CC735A}
	EndGlobalSection
EndGlobal
